
Microsoft Visual Studio Solution File, Format Version 12.00
# Visual Studio Version 17
VisualStudioVersion = 17.0.31903.59
MinimumVisualStudioVersion = 10.0.40219.1
Project("{2150E333-8FDC-42A3-9474-1A3956D46DE8}") = "src", "src", "{827E0CD3-B72D-47B6-A68D-7590B98EB39B}"
EndProject
Project("{FAE04EC0-301F-11D3-BF4B-00C04F79EFBC}") = "Cel.Core", "src\Cel.Core\Cel.Core.csproj", "{33C880FF-AD20-4886-90D1-E54059A73ACC}"
EndProject
Project("{FAE04EC0-301F-11D3-BF4B-00C04F79EFBC}") = "Cel.Parser", "src\Cel.Parser\Cel.Parser.csproj", "{38288A34-B6AC-42CA-B265-53DFBAD5A6BA}"
EndProject
Project("{FAE04EC0-301F-11D3-BF4B-00C04F79EFBC}") = "Cel.Checker", "src\Cel.Checker\Cel.Checker.csproj", "{2A625BFB-AFA9-458B-AE67-B7FEB3BF9AF2}"
EndProject
Project("{FAE04EC0-301F-11D3-BF4B-00C04F79EFBC}") = "Cel.Runtime", "src\Cel.Runtime\Cel.Runtime.csproj", "{FE45C715-60C6-41CB-8BFA-29A53A83AB3A}"
EndProject
Project("{FAE04EC0-301F-11D3-BF4B-00C04F79EFBC}") = "Cel.Extensions", "src\Cel.Extensions\Cel.Extensions.csproj", "{51561318-D6E0-46D7-BF85-94E6246078B5}"
EndProject
Project("{FAE04EC0-301F-11D3-BF4B-00C04F79EFBC}") = "Cel", "src\Cel\Cel.csproj", "{6075680C-2F9C-45D5-9BEA-240091E315F7}"
EndProject
Project("{2150E333-8FDC-42A3-9474-1A3956D46DE8}") = "tests", "tests", "{0AB3BF05-4346-4AA6-1389-037BE0695223}"
EndProject
Project("{FAE04EC0-301F-11D3-BF4B-00C04F79EFBC}") = "Cel.UnitTests", "tests\Cel.UnitTests\Cel.UnitTests.csproj", "{B6B53FBA-16F2-4E3C-A3C2-0C9E77D3D942}"
EndProject
Project("{FAE04EC0-301F-11D3-BF4B-00C04F79EFBC}") = "Cel.Conformance", "tests\Cel.Conformance\Cel.Conformance.csproj", "{4D706B08-661A-46A8-8610-5C8CDD676EE6}"
EndProject
Global
	GlobalSection(SolutionConfigurationPlatforms) = preSolution
		Debug|Any CPU = Debug|Any CPU
		Debug|x64 = Debug|x64
		Debug|x86 = Debug|x86
		Release|Any CPU = Release|Any CPU
		Release|x64 = Release|x64
		Release|x86 = Release|x86
	EndGlobalSection
	GlobalSection(ProjectConfigurationPlatforms) = postSolution
		{33C880FF-AD20-4886-90D1-E54059A73ACC}.Debug|Any CPU.ActiveCfg = Debug|Any CPU
		{33C880FF-AD20-4886-90D1-E54059A73ACC}.Debug|Any CPU.Build.0 = Debug|Any CPU
		{33C880FF-AD20-4886-90D1-E54059A73ACC}.Debug|x64.ActiveCfg = Debug|Any CPU
		{33C880FF-AD20-4886-90D1-E54059A73ACC}.Debug|x64.Build.0 = Debug|Any CPU
		{33C880FF-AD20-4886-90D1-E54059A73ACC}.Debug|x86.ActiveCfg = Debug|Any CPU
		{33C880FF-AD20-4886-90D1-E54059A73ACC}.Debug|x86.Build.0 = Debug|Any CPU
		{33C880FF-AD20-4886-90D1-E54059A73ACC}.Release|Any CPU.ActiveCfg = Release|Any CPU
		{33C880FF-AD20-4886-90D1-E54059A73ACC}.Release|Any CPU.Build.0 = Release|Any CPU
		{33C880FF-AD20-4886-90D1-E54059A73ACC}.Release|x64.ActiveCfg = Release|Any CPU
		{33C880FF-AD20-4886-90D1-E54059A73ACC}.Release|x64.Build.0 = Release|Any CPU
		{33C880FF-AD20-4886-90D1-E54059A73ACC}.Release|x86.ActiveCfg = Release|Any CPU
		{33C880FF-AD20-4886-90D1-E54059A73ACC}.Release|x86.Build.0 = Release|Any CPU
		{38288A34-B6AC-42CA-B265-53DFBAD5A6BA}.Debug|Any CPU.ActiveCfg = Debug|Any CPU
		{38288A34-B6AC-42CA-B265-53DFBAD5A6BA}.Debug|Any CPU.Build.0 = Debug|Any CPU
		{38288A34-B6AC-42CA-B265-53DFBAD5A6BA}.Debug|x64.ActiveCfg = Debug|Any CPU
		{38288A34-B6AC-42CA-B265-53DFBAD5A6BA}.Debug|x64.Build.0 = Debug|Any CPU
		{38288A34-B6AC-42CA-B265-53DFBAD5A6BA}.Debug|x86.ActiveCfg = Debug|Any CPU
		{38288A34-B6AC-42CA-B265-53DFBAD5A6BA}.Debug|x86.Build.0 = Debug|Any CPU
		{38288A34-B6AC-42CA-B265-53DFBAD5A6BA}.Release|Any CPU.ActiveCfg = Release|Any CPU
		{38288A34-B6AC-42CA-B265-53DFBAD5A6BA}.Release|Any CPU.Build.0 = Release|Any CPU
		{38288A34-B6AC-42CA-B265-53DFBAD5A6BA}.Release|x64.ActiveCfg = Release|Any CPU
		{38288A34-B6AC-42CA-B265-53DFBAD5A6BA}.Release|x64.Build.0 = Release|Any CPU
		{38288A34-B6AC-42CA-B265-53DFBAD5A6BA}.Release|x86.ActiveCfg = Release|Any CPU
		{38288A34-B6AC-42CA-B265-53DFBAD5A6BA}.Release|x86.Build.0 = Release|Any CPU
		{2A625BFB-AFA9-458B-AE67-B7FEB3BF9AF2}.Debug|Any CPU.ActiveCfg = Debug|Any CPU
		{2A625BFB-AFA9-458B-AE67-B7FEB3BF9AF2}.Debug|Any CPU.Build.0 = Debug|Any CPU
		{2A625BFB-AFA9-458B-AE67-B7FEB3BF9AF2}.Debug|x64.ActiveCfg = Debug|Any CPU
		{2A625BFB-AFA9-458B-AE67-B7FEB3BF9AF2}.Debug|x64.Build.0 = Debug|Any CPU
		{2A625BFB-AFA9-458B-AE67-B7FEB3BF9AF2}.Debug|x86.ActiveCfg = Debug|Any CPU
		{2A625BFB-AFA9-458B-AE67-B7FEB3BF9AF2}.Debug|x86.Build.0 = Debug|Any CPU
		{2A625BFB-AFA9-458B-AE67-B7FEB3BF9AF2}.Release|Any CPU.ActiveCfg = Release|Any CPU
		{2A625BFB-AFA9-458B-AE67-B7FEB3BF9AF2}.Release|Any CPU.Build.0 = Release|Any CPU
		{2A625BFB-AFA9-458B-AE67-B7FEB3BF9AF2}.Release|x64.ActiveCfg = Release|Any CPU
		{2A625BFB-AFA9-458B-AE67-B7FEB3BF9AF2}.Release|x64.Build.0 = Release|Any CPU
		{2A625BFB-AFA9-458B-AE67-B7FEB3BF9AF2}.Release|x86.ActiveCfg = Release|Any CPU
		{2A625BFB-AFA9-458B-AE67-B7FEB3BF9AF2}.Release|x86.Build.0 = Release|Any CPU
		{FE45C715-60C6-41CB-8BFA-29A53A83AB3A}.Debug|Any CPU.ActiveCfg = Debug|Any CPU
		{FE45C715-60C6-41CB-8BFA-29A53A83AB3A}.Debug|Any CPU.Build.0 = Debug|Any CPU
		{FE45C715-60C6-41CB-8BFA-29A53A83AB3A}.Debug|x64.ActiveCfg = Debug|Any CPU
		{FE45C715-60C6-41CB-8BFA-29A53A83AB3A}.Debug|x64.Build.0 = Debug|Any CPU
		{FE45C715-60C6-41CB-8BFA-29A53A83AB3A}.Debug|x86.ActiveCfg = Debug|Any CPU
		{FE45C715-60C6-41CB-8BFA-29A53A83AB3A}.Debug|x86.Build.0 = Debug|Any CPU
		{FE45C715-60C6-41CB-8BFA-29A53A83AB3A}.Release|Any CPU.ActiveCfg = Release|Any CPU
		{FE45C715-60C6-41CB-8BFA-29A53A83AB3A}.Release|Any CPU.Build.0 = Release|Any CPU
		{FE45C715-60C6-41CB-8BFA-29A53A83AB3A}.Release|x64.ActiveCfg = Release|Any CPU
		{FE45C715-60C6-41CB-8BFA-29A53A83AB3A}.Release|x64.Build.0 = Release|Any CPU
		{FE45C715-60C6-41CB-8BFA-29A53A83AB3A}.Release|x86.ActiveCfg = Release|Any CPU
		{FE45C715-60C6-41CB-8BFA-29A53A83AB3A}.Release|x86.Build.0 = Release|Any CPU
		{51561318-D6E0-46D7-BF85-94E6246078B5}.Debug|Any CPU.ActiveCfg = Debug|Any CPU
		{51561318-D6E0-46D7-BF85-94E6246078B5}.Debug|Any CPU.Build.0 = Debug|Any CPU
		{51561318-D6E0-46D7-BF85-94E6246078B5}.Debug|x64.ActiveCfg = Debug|Any CPU
		{51561318-D6E0-46D7-BF85-94E6246078B5}.Debug|x64.Build.0 = Debug|Any CPU
		{51561318-D6E0-46D7-BF85-94E6246078B5}.Debug|x86.ActiveCfg = Debug|Any CPU
		{51561318-D6E0-46D7-BF85-94E6246078B5}.Debug|x86.Build.0 = Debug|Any CPU
		{51561318-D6E0-46D7-BF85-94E6246078B5}.Release|Any CPU.ActiveCfg = Release|Any CPU
		{51561318-D6E0-46D7-BF85-94E6246078B5}.Release|Any CPU.Build.0 = Release|Any CPU
		{51561318-D6E0-46D7-BF85-94E6246078B5}.Release|x64.ActiveCfg = Release|Any CPU
		{51561318-D6E0-46D7-BF85-94E6246078B5}.Release|x64.Build.0 = Release|Any CPU
		{51561318-D6E0-46D7-BF85-94E6246078B5}.Release|x86.ActiveCfg = Release|Any CPU
		{51561318-D6E0-46D7-BF85-94E6246078B5}.Release|x86.Build.0 = Release|Any CPU
		{6075680C-2F9C-45D5-9BEA-240091E315F7}.Debug|Any CPU.ActiveCfg = Debug|Any CPU
		{6075680C-2F9C-45D5-9BEA-240091E315F7}.Debug|Any CPU.Build.0 = Debug|Any CPU
		{6075680C-2F9C-45D5-9BEA-240091E315F7}.Debug|x64.ActiveCfg = Debug|Any CPU
		{6075680C-2F9C-45D5-9BEA-240091E315F7}.Debug|x64.Build.0 = Debug|Any CPU
		{6075680C-2F9C-45D5-9BEA-240091E315F7}.Debug|x86.ActiveCfg = Debug|Any CPU
		{6075680C-2F9C-45D5-9BEA-240091E315F7}.Debug|x86.Build.0 = Debug|Any CPU
		{6075680C-2F9C-45D5-9BEA-240091E315F7}.Release|Any CPU.ActiveCfg = Release|Any CPU
		{6075680C-2F9C-45D5-9BEA-240091E315F7}.Release|Any CPU.Build.0 = Release|Any CPU
		{6075680C-2F9C-45D5-9BEA-240091E315F7}.Release|x64.ActiveCfg = Release|Any CPU
		{6075680C-2F9C-45D5-9BEA-240091E315F7}.Release|x64.Build.0 = Release|Any CPU
		{6075680C-2F9C-45D5-9BEA-240091E315F7}.Release|x86.ActiveCfg = Release|Any CPU
		{6075680C-2F9C-45D5-9BEA-240091E315F7}.Release|x86.Build.0 = Release|Any CPU
		{B6B53FBA-16F2-4E3C-A3C2-0C9E77D3D942}.Debug|Any CPU.ActiveCfg = Debug|Any CPU
		{B6B53FBA-16F2-4E3C-A3C2-0C9E77D3D942}.Debug|Any CPU.Build.0 = Debug|Any CPU
		{B6B53FBA-16F2-4E3C-A3C2-0C9E77D3D942}.Debug|x64.ActiveCfg = Debug|Any CPU
		{B6B53FBA-16F2-4E3C-A3C2-0C9E77D3D942}.Debug|x64.Build.0 = Debug|Any CPU
		{B6B53FBA-16F2-4E3C-A3C2-0C9E77D3D942}.Debug|x86.ActiveCfg = Debug|Any CPU
		{B6B53FBA-16F2-4E3C-A3C2-0C9E77D3D942}.Debug|x86.Build.0 = Debug|Any CPU
		{B6B53FBA-16F2-4E3C-A3C2-0C9E77D3D942}.Release|Any CPU.ActiveCfg = Release|Any CPU
		{B6B53FBA-16F2-4E3C-A3C2-0C9E77D3D942}.Release|Any CPU.Build.0 = Release|Any CPU
		{B6B53FBA-16F2-4E3C-A3C2-0C9E77D3D942}.Release|x64.ActiveCfg = Release|Any CPU
		{B6B53FBA-16F2-4E3C-A3C2-0C9E77D3D942}.Release|x64.Build.0 = Release|Any CPU
		{B6B53FBA-16F2-4E3C-A3C2-0C9E77D3D942}.Release|x86.ActiveCfg = Release|Any CPU
		{B6B53FBA-16F2-4E3C-A3C2-0C9E77D3D942}.Release|x86.Build.0 = Release|Any CPU
		{4D706B08-661A-46A8-8610-5C8CDD676EE6}.Debug|Any CPU.ActiveCfg = Debug|Any CPU
		{4D706B08-661A-46A8-8610-5C8CDD676EE6}.Debug|Any CPU.Build.0 = Debug|Any CPU
		{4D706B08-661A-46A8-8610-5C8CDD676EE6}.Debug|x64.ActiveCfg = Debug|Any CPU
		{4D706B08-661A-46A8-8610-5C8CDD676EE6}.Debug|x64.Build.0 = Debug|Any CPU
		{4D706B08-661A-46A8-8610-5C8CDD676EE6}.Debug|x86.ActiveCfg = Debug|Any CPU
		{4D706B08-661A-46A8-8610-5C8CDD676EE6}.Debug|x86.Build.0 = Debug|Any CPU
		{4D706B08-661A-46A8-8610-5C8CDD676EE6}.Release|Any CPU.ActiveCfg = Release|Any CPU
		{4D706B08-661A-46A8-8610-5C8CDD676EE6}.Release|Any CPU.Build.0 = Release|Any CPU
		{4D706B08-661A-46A8-8610-5C8CDD676EE6}.Release|x64.ActiveCfg = Release|Any CPU
		{4D706B08-661A-46A8-8610-5C8CDD676EE6}.Release|x64.Build.0 = Release|Any CPU
		{4D706B08-661A-46A8-8610-5C8CDD676EE6}.Release|x86.ActiveCfg = Release|Any CPU
		{4D706B08-661A-46A8-8610-5C8CDD676EE6}.Release|x86.Build.0 = Release|Any CPU
	EndGlobalSection
	GlobalSection(SolutionProperties) = preSolution
		HideSolutionNode = FALSE
	EndGlobalSection
	GlobalSection(NestedProjects) = preSolution
		{33C880FF-AD20-4886-90D1-E54059A73ACC} = {827E0CD3-B72D-47B6-A68D-7590B98EB39B}
		{38288A34-B6AC-42CA-B265-53DFBAD5A6BA} = {827E0CD3-B72D-47B6-A68D-7590B98EB39B}
		{2A625BFB-AFA9-458B-AE67-B7FEB3BF9AF2} = {827E0CD3-B72D-47B6-A68D-7590B98EB39B}
		{FE45C715-60C6-41CB-8BFA-29A53A83AB3A} = {827E0CD3-B72D-47B6-A68D-7590B98EB39B}
		{51561318-D6E0-46D7-BF85-94E6246078B5} = {827E0CD3-B72D-47B6-A68D-7590B98EB39B}
		{6075680C-2F9C-45D5-9BEA-240091E315F7} = {827E0CD3-B72D-47B6-A68D-7590B98EB39B}
		{B6B53FBA-16F2-4E3C-A3C2-0C9E77D3D942} = {0AB3BF05-4346-4AA6-1389-037BE0695223}
		{4D706B08-661A-46A8-8610-5C8CDD676EE6} = {0AB3BF05-4346-4AA6-1389-037BE0695223}
	EndGlobalSection
EndGlobal
